// !$*UTF8*$!
{
	archiveVersion = 1;
	classes = {
	};
	objectVersion = 56;
	objects = {

/* Begin PBXBuildFile section */
		32BF60CC2B7ABD2100D356C7 /* SwiftuiConcurrencyApp.swift in Sources */ = {isa = PBXBuildFile; fileRef = 32BF60CB2B7ABD2100D356C7 /* SwiftuiConcurrencyApp.swift */; };
		32BF60CE2B7ABD2100D356C7 /* ContentView.swift in Sources */ = {isa = PBXBuildFile; fileRef = 32BF60CD2B7ABD2100D356C7 /* ContentView.swift */; };
		32BF60D02B7ABD2400D356C7 /* Assets.xcassets in Resources */ = {isa = PBXBuildFile; fileRef = 32BF60CF2B7ABD2400D356C7 /* Assets.xcassets */; };
		32BF60D32B7ABD2400D356C7 /* Preview Assets.xcassets in Resources */ = {isa = PBXBuildFile; fileRef = 32BF60D22B7ABD2400D356C7 /* Preview Assets.xcassets */; };
		32BF60E72B7ABD2500D356C7 /* SwiftuiConcurrencyUITests.swift in Sources */ = {isa = PBXBuildFile; fileRef = 32BF60E62B7ABD2500D356C7 /* SwiftuiConcurrencyUITests.swift */; };
		32BF60E92B7ABD2500D356C7 /* SwiftuiConcurrencyUITestsLaunchTests.swift in Sources */ = {isa = PBXBuildFile; fileRef = 32BF60E82B7ABD2500D356C7 /* SwiftuiConcurrencyUITestsLaunchTests.swift */; };
		32BF60F62B7ABDE000D356C7 /* SwiftuiConcurrencyViewModel.swift in Sources */ = {isa = PBXBuildFile; fileRef = 32BF60F52B7ABDE000D356C7 /* SwiftuiConcurrencyViewModel.swift */; };
		32BF60F82B7ABE3F00D356C7 /* SwiftuiConcurrencyModel.swift in Sources */ = {isa = PBXBuildFile; fileRef = 32BF60F72B7ABE3F00D356C7 /* SwiftuiConcurrencyModel.swift */; };
		32BF60FC2B7AC87500D356C7 /* SwiftuiConcurrencyViewModelSpec.swift in Sources */ = {isa = PBXBuildFile; fileRef = 32BF60FB2B7AC87500D356C7 /* SwiftuiConcurrencyViewModelSpec.swift */; };
/* End PBXBuildFile section */

/* Begin PBXContainerItemProxy section */
		32BF60D92B7ABD2500D356C7 /* PBXContainerItemProxy */ = {
			isa = PBXContainerItemProxy;
			containerPortal = 32BF60C02B7ABD2100D356C7 /* Project object */;
			proxyType = 1;
			remoteGlobalIDString = 32BF60C72B7ABD2100D356C7;
			remoteInfo = SwiftuiConcurrency;
		};
		32BF60E32B7ABD2500D356C7 /* PBXContainerItemProxy */ = {
			isa = PBXContainerItemProxy;
			containerPortal = 32BF60C02B7ABD2100D356C7 /* Project object */;
			proxyType = 1;
			remoteGlobalIDString = 32BF60C72B7ABD2100D356C7;
			remoteInfo = SwiftuiConcurrency;
		};
/* End PBXContainerItemProxy section */

/* Begin PBXFileReference section */
		32BF60C82B7ABD2100D356C7 /* SwiftuiConcurrency.app */ = {isa = PBXFileReference; explicitFileType = wrapper.application; includeInIndex = 0; path = SwiftuiConcurrency.app; sourceTree = BUILT_PRODUCTS_DIR; };
		32BF60CB2B7ABD2100D356C7 /* SwiftuiConcurrencyApp.swift */ = {isa = PBXFileReference; lastKnownFileType = sourcecode.swift; path = SwiftuiConcurrencyApp.swift; sourceTree = "<group>"; };
		32BF60CD2B7ABD2100D356C7 /* ContentView.swift */ = {isa = PBXFileReference; lastKnownFileType = sourcecode.swift; path = ContentView.swift; sourceTree = "<group>"; };
		32BF60CF2B7ABD2400D356C7 /* Assets.xcassets */ = {isa = PBXFileReference; lastKnownFileType = folder.assetcatalog; path = Assets.xcassets; sourceTree = "<group>"; };
		32BF60D22B7ABD2400D356C7 /* Preview Assets.xcassets */ = {isa = PBXFileReference; lastKnownFileType = folder.assetcatalog; path = "Preview Assets.xcassets"; sourceTree = "<group>"; };
		32BF60D82B7ABD2500D356C7 /* SwiftuiConcurrencyTests.xctest */ = {isa = PBXFileReference; explicitFileType = wrapper.cfbundle; includeInIndex = 0; path = SwiftuiConcurrencyTests.xctest; sourceTree = BUILT_PRODUCTS_DIR; };
		32BF60E22B7ABD2500D356C7 /* SwiftuiConcurrencyUITests.xctest */ = {isa = PBXFileReference; explicitFileType = wrapper.cfbundle; includeInIndex = 0; path = SwiftuiConcurrencyUITests.xctest; sourceTree = BUILT_PRODUCTS_DIR; };
		32BF60E62B7ABD2500D356C7 /* SwiftuiConcurrencyUITests.swift */ = {isa = PBXFileReference; lastKnownFileType = sourcecode.swift; path = SwiftuiConcurrencyUITests.swift; sourceTree = "<group>"; };
		32BF60E82B7ABD2500D356C7 /* SwiftuiConcurrencyUITestsLaunchTests.swift */ = {isa = PBXFileReference; lastKnownFileType = sourcecode.swift; path = SwiftuiConcurrencyUITestsLaunchTests.swift; sourceTree = "<group>"; };
		32BF60F52B7ABDE000D356C7 /* SwiftuiConcurrencyViewModel.swift */ = {isa = PBXFileReference; lastKnownFileType = sourcecode.swift; path = SwiftuiConcurrencyViewModel.swift; sourceTree = "<group>"; };
		32BF60F72B7ABE3F00D356C7 /* SwiftuiConcurrencyModel.swift */ = {isa = PBXFileReference; lastKnownFileType = sourcecode.swift; path = SwiftuiConcurrencyModel.swift; sourceTree = "<group>"; };
		32BF60FB2B7AC87500D356C7 /* SwiftuiConcurrencyViewModelSpec.swift */ = {isa = PBXFileReference; lastKnownFileType = sourcecode.swift; path = SwiftuiConcurrencyViewModelSpec.swift; sourceTree = "<group>"; };
/* End PBXFileReference section */

/* Begin PBXFrameworksBuildPhase section */
		32BF60C52B7ABD2100D356C7 /* Frameworks */ = {
			isa = PBXFrameworksBuildPhase;
			buildActionMask = 2147483647;
			files = (
			);
			runOnlyForDeploymentPostprocessing = 0;
		};
		32BF60D52B7ABD2500D356C7 /* Frameworks */ = {
			isa = PBXFrameworksBuildPhase;
			buildActionMask = 2147483647;
			files = (
			);
			runOnlyForDeploymentPostprocessing = 0;
		};
		32BF60DF2B7ABD2500D356C7 /* Frameworks */ = {
			isa = PBXFrameworksBuildPhase;
			buildActionMask = 2147483647;
			files = (
			);
			runOnlyForDeploymentPostprocessing = 0;
		};
/* End PBXFrameworksBuildPhase section */

/* Begin PBXGroup section */
		32BF60BF2B7ABD2100D356C7 = {
			isa = PBXGroup;
			children = (
				32BF60CA2B7ABD2100D356C7 /* SwiftuiConcurrency */,
				32BF60DB2B7ABD2500D356C7 /* SwiftuiConcurrencyTests */,
				32BF60E52B7ABD2500D356C7 /* SwiftuiConcurrencyUITests */,
				32BF60C92B7ABD2100D356C7 /* Products */,
			);
			sourceTree = "<group>";
		};
		32BF60C92B7ABD2100D356C7 /* Products */ = {
			isa = PBXGroup;
			children = (
				32BF60C82B7ABD2100D356C7 /* SwiftuiConcurrency.app */,
				32BF60D82B7ABD2500D356C7 /* SwiftuiConcurrencyTests.xctest */,
				32BF60E22B7ABD2500D356C7 /* SwiftuiConcurrencyUITests.xctest */,
			);
			name = Products;
			sourceTree = "<group>";
		};
		32BF60CA2B7ABD2100D356C7 /* SwiftuiConcurrency */ = {
			isa = PBXGroup;
			children = (
				32BF60CB2B7ABD2100D356C7 /* SwiftuiConcurrencyApp.swift */,
				32BF60CD2B7ABD2100D356C7 /* ContentView.swift */,
				32BF60F52B7ABDE000D356C7 /* SwiftuiConcurrencyViewModel.swift */,
				32BF60F72B7ABE3F00D356C7 /* SwiftuiConcurrencyModel.swift */,
				32BF60CF2B7ABD2400D356C7 /* Assets.xcassets */,
				32BF60D12B7ABD2400D356C7 /* Preview Content */,
			);
			path = SwiftuiConcurrency;
			sourceTree = "<group>";
		};
		32BF60D12B7ABD2400D356C7 /* Preview Content */ = {
			isa = PBXGroup;
			children = (
				32BF60D22B7ABD2400D356C7 /* Preview Assets.xcassets */,
			);
			path = "Preview Content";
			sourceTree = "<group>";
		};
		32BF60DB2B7ABD2500D356C7 /* SwiftuiConcurrencyTests */ = {
			isa = PBXGroup;
			children = (
				32BF60FB2B7AC87500D356C7 /* SwiftuiConcurrencyViewModelSpec.swift */,
			);
			path = SwiftuiConcurrencyTests;
			sourceTree = "<group>";
		};
		32BF60E52B7ABD2500D356C7 /* SwiftuiConcurrencyUITests */ = {
			isa = PBXGroup;
			children = (
				32BF60E62B7ABD2500D356C7 /* SwiftuiConcurrencyUITests.swift */,
				32BF60E82B7ABD2500D356C7 /* SwiftuiConcurrencyUITestsLaunchTests.swift */,
			);
			path = SwiftuiConcurrencyUITests;
			sourceTree = "<group>";
		};
/* End PBXGroup section */

/* Begin PBXNativeTarget section */
		32BF60C72B7ABD2100D356C7 /* SwiftuiConcurrency */ = {
			isa = PBXNativeTarget;
			buildConfigurationList = 32BF60EC2B7ABD2500D356C7 /* Build configuration list for PBXNativeTarget "SwiftuiConcurrency" */;
			buildPhases = (
				32BF60C42B7ABD2100D356C7 /* Sources */,
				32BF60C52B7ABD2100D356C7 /* Frameworks */,
				32BF60C62B7ABD2100D356C7 /* Resources */,
			);
			buildRules = (
			);
			dependencies = (
			);
			name = SwiftuiConcurrency;
			productName = SwiftuiConcurrency;
			productReference = 32BF60C82B7ABD2100D356C7 /* SwiftuiConcurrency.app */;
			productType = "com.apple.product-type.application";
		};
		32BF60D72B7ABD2500D356C7 /* SwiftuiConcurrencyTests */ = {
			isa = PBXNativeTarget;
			buildConfigurationList = 32BF60EF2B7ABD2500D356C7 /* Build configuration list for PBXNativeTarget "SwiftuiConcurrencyTests" */;
			buildPhases = (
				32BF60D42B7ABD2500D356C7 /* Sources */,
				32BF60D52B7ABD2500D356C7 /* Frameworks */,
				32BF60D62B7ABD2500D356C7 /* Resources */,
			);
			buildRules = (
			);
			dependencies = (
				32BF60DA2B7ABD2500D356C7 /* PBXTargetDependency */,
			);
			name = SwiftuiConcurrencyTests;
			productName = SwiftuiConcurrencyTests;
			productReference = 32BF60D82B7ABD2500D356C7 /* SwiftuiConcurrencyTests.xctest */;
			productType = "com.apple.product-type.bundle.unit-test";
		};
		32BF60E12B7ABD2500D356C7 /* SwiftuiConcurrencyUITests */ = {
			isa = PBXNativeTarget;
			buildConfigurationList = 32BF60F22B7ABD2500D356C7 /* Build configuration list for PBXNativeTarget "SwiftuiConcurrencyUITests" */;
			buildPhases = (
				32BF60DE2B7ABD2500D356C7 /* Sources */,
				32BF60DF2B7ABD2500D356C7 /* Frameworks */,
				32BF60E02B7ABD2500D356C7 /* Resources */,
			);
			buildRules = (
			);
			dependencies = (
				32BF60E42B7ABD2500D356C7 /* PBXTargetDependency */,
			);
			name = SwiftuiConcurrencyUITests;
			productName = SwiftuiConcurrencyUITests;
			productReference = 32BF60E22B7ABD2500D356C7 /* SwiftuiConcurrencyUITests.xctest */;
			productType = "com.apple.product-type.bundle.ui-testing";
		};
/* End PBXNativeTarget section */

/* Begin PBXProject section */
		32BF60C02B7ABD2100D356C7 /* Project object */ = {
			isa = PBXProject;
			attributes = {
				BuildIndependentTargetsInParallel = 1;
				LastSwiftUpdateCheck = 1420;
				LastUpgradeCheck = 1420;
				TargetAttributes = {
					32BF60C72B7ABD2100D356C7 = {
						CreatedOnToolsVersion = 14.2;
					};
					32BF60D72B7ABD2500D356C7 = {
						CreatedOnToolsVersion = 14.2;
						TestTargetID = 32BF60C72B7ABD2100D356C7;
					};
					32BF60E12B7ABD2500D356C7 = {
						CreatedOnToolsVersion = 14.2;
						TestTargetID = 32BF60C72B7ABD2100D356C7;
					};
				};
			};
			buildConfigurationList = 32BF60C32B7ABD2100D356C7 /* Build configuration list for PBXProject "SwiftuiConcurrency" */;
			compatibilityVersion = "Xcode 14.0";
			developmentRegion = en;
			hasScannedForEncodings = 0;
			knownRegions = (
				en,
				Base,
			);
			mainGroup = 32BF60BF2B7ABD2100D356C7;
			productRefGroup = 32BF60C92B7ABD2100D356C7 /* Products */;
			projectDirPath = "";
			projectRoot = "";
			targets = (
				32BF60C72B7ABD2100D356C7 /* SwiftuiConcurrency */,
				32BF60D72B7ABD2500D356C7 /* SwiftuiConcurrencyTests */,
				32BF60E12B7ABD2500D356C7 /* SwiftuiConcurrencyUITests */,
			);
		};
/* End PBXProject section */

/* Begin PBXResourcesBuildPhase section */
		32BF60C62B7ABD2100D356C7 /* Resources */ = {
			isa = PBXResourcesBuildPhase;
			buildActionMask = 2147483647;
			files = (
				32BF60D32B7ABD2400D356C7 /* Preview Assets.xcassets in Resources */,
				32BF60D02B7ABD2400D356C7 /* Assets.xcassets in Resources */,
			);
			runOnlyForDeploymentPostprocessing = 0;
		};
		32BF60D62B7ABD2500D356C7 /* Resources */ = {
			isa = PBXResourcesBuildPhase;
			buildActionMask = 2147483647;
			files = (
			);
			runOnlyForDeploymentPostprocessing = 0;
		};
		32BF60E02B7ABD2500D356C7 /* Resources */ = {
			isa = PBXResourcesBuildPhase;
			buildActionMask = 2147483647;
			files = (
			);
			runOnlyForDeploymentPostprocessing = 0;
		};
/* End PBXResourcesBuildPhase section */

/* Begin PBXSourcesBuildPhase section */
		32BF60C42B7ABD2100D356C7 /* Sources */ = {
			isa = PBXSourcesBuildPhase;
			buildActionMask = 2147483647;
			files = (
				32BF60CE2B7ABD2100D356C7 /* ContentView.swift in Sources */,
				32BF60CC2B7ABD2100D356C7 /* SwiftuiConcurrencyApp.swift in Sources */,
				32BF60F62B7ABDE000D356C7 /* SwiftuiConcurrencyViewModel.swift in Sources */,
				32BF60F82B7ABE3F00D356C7 /* SwiftuiConcurrencyModel.swift in Sources */,
			);
			runOnlyForDeploymentPostprocessing = 0;
		};
		32BF60D42B7ABD2500D356C7 /* Sources */ = {
			isa = PBXSourcesBuildPhase;
			buildActionMask = 2147483647;
			files = (
				32BF60FC2B7AC87500D356C7 /* SwiftuiConcurrencyViewModelSpec.swift in Sources */,
			);
			runOnlyForDeploymentPostprocessing = 0;
		};
		32BF60DE2B7ABD2500D356C7 /* Sources */ = {
			isa = PBXSourcesBuildPhase;
			buildActionMask = 2147483647;
			files = (
				32BF60E92B7ABD2500D356C7 /* SwiftuiConcurrencyUITestsLaunchTests.swift in Sources */,
				32BF60E72B7ABD2500D356C7 /* SwiftuiConcurrencyUITests.swift in Sources */,
			);
			runOnlyForDeploymentPostprocessing = 0;
		};
/* End PBXSourcesBuildPhase section */

/* Begin PBXTargetDependency section */
		32BF60DA2B7ABD2500D356C7 /* PBXTargetDependency */ = {
			isa = PBXTargetDependency;
			target = 32BF60C72B7ABD2100D356C7 /* SwiftuiConcurrency */;
			targetProxy = 32BF60D92B7ABD2500D356C7 /* PBXContainerItemProxy */;
		};
		32BF60E42B7ABD2500D356C7 /* PBXTargetDependency */ = {
			isa = PBXTargetDependency;
			target = 32BF60C72B7ABD2100D356C7 /* SwiftuiConcurrency */;
			targetProxy = 32BF60E32B7ABD2500D356C7 /* PBXContainerItemProxy */;
		};
/* End PBXTargetDependency section */

/* Begin XCBuildConfiguration section */
		32BF60EA2B7ABD2500D356C7 /* Debug */ = {
			isa = XCBuildConfiguration;
			buildSettings = {
				ALWAYS_SEARCH_USER_PATHS = NO;
				CLANG_ANALYZER_NONNULL = YES;
				CLANG_ANALYZER_NUMBER_OBJECT_CONVERSION = YES_AGGRESSIVE;
				CLANG_CXX_LANGUAGE_STANDARD = "gnu++20";
				CLANG_ENABLE_MODULES = YES;
				CLANG_ENABLE_OBJC_ARC = YES;
				CLANG_ENABLE_OBJC_WEAK = YES;
				CLANG_WARN_BLOCK_CAPTURE_AUTORELEASING = YES;
				CLANG_WARN_BOOL_CONVERSION = YES;
				CLANG_WARN_COMMA = YES;
				CLANG_WARN_CONSTANT_CONVERSION = YES;
				CLANG_WARN_DEPRECATED_OBJC_IMPLEMENTATIONS = YES;
				CLANG_WARN_DIRECT_OBJC_ISA_USAGE = YES_ERROR;
				CLANG_WARN_DOCUMENTATION_COMMENTS = YES;
				CLANG_WARN_EMPTY_BODY = YES;
				CLANG_WARN_ENUM_CONVERSION = YES;
				CLANG_WARN_INFINITE_RECURSION = YES;
				CLANG_WARN_INT_CONVERSION = YES;
				CLANG_WARN_NON_LITERAL_NULL_CONVERSION = YES;
				CLANG_WARN_OBJC_IMPLICIT_RETAIN_SELF = YES;
				CLANG_WARN_OBJC_LITERAL_CONVERSION = YES;
				CLANG_WARN_OBJC_ROOT_CLASS = YES_ERROR;
				CLANG_WARN_QUOTED_INCLUDE_IN_FRAMEWORK_HEADER = YES;
				CLANG_WARN_RANGE_LOOP_ANALYSIS = YES;
				CLANG_WARN_STRICT_PROTOTYPES = YES;
				CLANG_WARN_SUSPICIOUS_MOVE = YES;
				CLANG_WARN_UNGUARDED_AVAILABILITY = YES_AGGRESSIVE;
				CLANG_WARN_UNREACHABLE_CODE = YES;
				CLANG_WARN__DUPLICATE_METHOD_MATCH = YES;
				COPY_PHASE_STRIP = NO;
				DEBUG_INFORMATION_FORMAT = dwarf;
				ENABLE_STRICT_OBJC_MSGSEND = YES;
				ENABLE_TESTABILITY = YES;
				GCC_C_LANGUAGE_STANDARD = gnu11;
				GCC_DYNAMIC_NO_PIC = NO;
				GCC_NO_COMMON_BLOCKS = YES;
				GCC_OPTIMIZATION_LEVEL = 0;
				GCC_PREPROCESSOR_DEFINITIONS = (
					"DEBUG=1",
					"$(inherited)",
				);
				GCC_WARN_64_TO_32_BIT_CONVERSION = YES;
				GCC_WARN_ABOUT_RETURN_TYPE = YES_ERROR;
				GCC_WARN_UNDECLARED_SELECTOR = YES;
				GCC_WARN_UNINITIALIZED_AUTOS = YES_AGGRESSIVE;
				GCC_WARN_UNUSED_FUNCTION = YES;
				GCC_WARN_UNUSED_VARIABLE = YES;
				IPHONEOS_DEPLOYMENT_TARGET = 16.2;
				MTL_ENABLE_DEBUG_INFO = INCLUDE_SOURCE;
				MTL_FAST_MATH = YES;
				ONLY_ACTIVE_ARCH = YES;
				SDKROOT = iphoneos;
				SWIFT_ACTIVE_COMPILATION_CONDITIONS = DEBUG;
				SWIFT_OPTIMIZATION_LEVEL = "-Onone";
			};
			name = Debug;
		};
		32BF60EB2B7ABD2500D356C7 /* Release */ = {
			isa = XCBuildConfiguration;
			buildSettings = {
				ALWAYS_SEARCH_USER_PATHS = NO;
				CLANG_ANALYZER_NONNULL = YES;
				CLANG_ANALYZER_NUMBER_OBJECT_CONVERSION = YES_AGGRESSIVE;
				CLANG_CXX_LANGUAGE_STANDARD = "gnu++20";
				CLANG_ENABLE_MODULES = YES;
				CLANG_ENABLE_OBJC_ARC = YES;
				CLANG_ENABLE_OBJC_WEAK = YES;
				CLANG_WARN_BLOCK_CAPTURE_AUTORELEASING = YES;
				CLANG_WARN_BOOL_CONVERSION = YES;
				CLANG_WARN_COMMA = YES;
				CLANG_WARN_CONSTANT_CONVERSION = YES;
				CLANG_WARN_DEPRECATED_OBJC_IMPLEMENTATIONS = YES;
				CLANG_WARN_DIRECT_OBJC_ISA_USAGE = YES_ERROR;
				CLANG_WARN_DOCUMENTATION_COMMENTS = YES;
				CLANG_WARN_EMPTY_BODY = YES;
				CLANG_WARN_ENUM_CONVERSION = YES;
				CLANG_WARN_INFINITE_RECURSION = YES;
				CLANG_WARN_INT_CONVERSION = YES;
				CLANG_WARN_NON_LITERAL_NULL_CONVERSION = YES;
				CLANG_WARN_OBJC_IMPLICIT_RETAIN_SELF = YES;
				CLANG_WARN_OBJC_LITERAL_CONVERSION = YES;
				CLANG_WARN_OBJC_ROOT_CLASS = YES_ERROR;
				CLANG_WARN_QUOTED_INCLUDE_IN_FRAMEWORK_HEADER = YES;
				CLANG_WARN_RANGE_LOOP_ANALYSIS = YES;
				CLANG_WARN_STRICT_PROTOTYPES = YES;
				CLANG_WARN_SUSPICIOUS_MOVE = YES;
				CLANG_WARN_UNGUARDED_AVAILABILITY = YES_AGGRESSIVE;
				CLANG_WARN_UNREACHABLE_CODE = YES;
				CLANG_WARN__DUPLICATE_METHOD_MATCH = YES;
				COPY_PHASE_STRIP = NO;
				DEBUG_INFORMATION_FORMAT = "dwarf-with-dsym";
				ENABLE_NS_ASSERTIONS = NO;
				ENABLE_STRICT_OBJC_MSGSEND = YES;
				GCC_C_LANGUAGE_STANDARD = gnu11;
				GCC_NO_COMMON_BLOCKS = YES;
				GCC_WARN_64_TO_32_BIT_CONVERSION = YES;
				GCC_WARN_ABOUT_RETURN_TYPE = YES_ERROR;
				GCC_WARN_UNDECLARED_SELECTOR = YES;
				GCC_WARN_UNINITIALIZED_AUTOS = YES_AGGRESSIVE;
				GCC_WARN_UNUSED_FUNCTION = YES;
				GCC_WARN_UNUSED_VARIABLE = YES;
				IPHONEOS_DEPLOYMENT_TARGET = 16.2;
				MTL_ENABLE_DEBUG_INFO = NO;
				MTL_FAST_MATH = YES;
				SDKROOT = iphoneos;
				SWIFT_COMPILATION_MODE = wholemodule;
				SWIFT_OPTIMIZATION_LEVEL = "-O";
				VALIDATE_PRODUCT = YES;
			};
			name = Release;
		};
		32BF60ED2B7ABD2500D356C7 /* Debug */ = {
			isa = XCBuildConfiguration;
			buildSettings = {
				ASSETCATALOG_COMPILER_APPICON_NAME = AppIcon;
				ASSETCATALOG_COMPILER_GLOBAL_ACCENT_COLOR_NAME = AccentColor;
				CODE_SIGN_STYLE = Automatic;
				CURRENT_PROJECT_VERSION = 1;
				DEVELOPMENT_ASSET_PATHS = "\"SwiftuiConcurrency/Preview Content\"";
				DEVELOPMENT_TEAM = XQ28PGR82S;
				ENABLE_PREVIEWS = YES;
				GENERATE_INFOPLIST_FILE = YES;
				INFOPLIST_KEY_UIApplicationSceneManifest_Generation = YES;
				INFOPLIST_KEY_UIApplicationSupportsIndirectInputEvents = YES;
				INFOPLIST_KEY_UILaunchScreen_Generation = YES;
				INFOPLIST_KEY_UISupportedInterfaceOrientations_iPad = "UIInterfaceOrientationPortrait UIInterfaceOrientationPortraitUpsideDown UIInterfaceOrientationLandscapeLeft UIInterfaceOrientationLandscapeRight";
				INFOPLIST_KEY_UISupportedInterfaceOrientations_iPhone = "UIInterfaceOrientationPortrait UIInterfaceOrientationLandscapeLeft UIInterfaceOrientationLandscapeRight";
				LD_RUNPATH_SEARCH_PATHS = (
					"$(inherited)",
					"@executable_path/Frameworks",
				);
				MARKETING_VERSION = 1.0;
				PRODUCT_BUNDLE_IDENTIFIER = com.renanmuller.SwiftuiConcurrency;
				PRODUCT_NAME = "$(TARGET_NAME)";
				SWIFT_EMIT_LOC_STRINGS = YES;
				SWIFT_VERSION = 5.0;
				TARGETED_DEVICE_FAMILY = "1,2";
			};
			name = Debug;
		};
		32BF60EE2B7ABD2500D356C7 /* Release */ = {
			isa = XCBuildConfiguration;
			buildSettings = {
				ASSETCATALOG_COMPILER_APPICON_NAME = AppIcon;
				ASSETCATALOG_COMPILER_GLOBAL_ACCENT_COLOR_NAME = AccentColor;
				CODE_SIGN_STYLE = Automatic;
				CURRENT_PROJECT_VERSION = 1;
				DEVELOPMENT_ASSET_PATHS = "\"SwiftuiConcurrency/Preview Content\"";
				DEVELOPMENT_TEAM = XQ28PGR82S;
				ENABLE_PREVIEWS = YES;
				GENERATE_INFOPLIST_FILE = YES;
				INFOPLIST_KEY_UIApplicationSceneManifest_Generation = YES;
				INFOPLIST_KEY_UIApplicationSupportsIndirectInputEvents = YES;
				INFOPLIST_KEY_UILaunchScreen_Generation = YES;
				INFOPLIST_KEY_UISupportedInterfaceOrientations_iPad = "UIInterfaceOrientationPortrait UIInterfaceOrientationPortraitUpsideDown UIInterfaceOrientationLandscapeLeft UIInterfaceOrientationLandscapeRight";
				INFOPLIST_KEY_UISupportedInterfaceOrientations_iPhone = "UIInterfaceOrientationPortrait UIInterfaceOrientationLandscapeLeft UIInterfaceOrientationLandscapeRight";
				LD_RUNPATH_SEARCH_PATHS = (
					"$(inherited)",
					"@executable_path/Frameworks",
				);
				MARKETING_VERSION = 1.0;
				PRODUCT_BUNDLE_IDENTIFIER = com.renanmuller.SwiftuiConcurrency;
				PRODUCT_NAME = "$(TARGET_NAME)";
				SWIFT_EMIT_LOC_STRINGS = YES;
				SWIFT_VERSION = 5.0;
				TARGETED_DEVICE_FAMILY = "1,2";
			};
			name = Release;
		};
		32BF60F02B7ABD2500D356C7 /* Debug */ = {
			isa = XCBuildConfiguration;
			buildSettings = {
				ALWAYS_EMBED_SWIFT_STANDARD_LIBRARIES = YES;
				BUNDLE_LOADER = "$(TEST_HOST)";
				CODE_SIGN_STYLE = Automatic;
				CURRENT_PROJECT_VERSION = 1;
				DEVELOPMENT_TEAM = XQ28PGR82S;
				GENERATE_INFOPLIST_FILE = YES;
				IPHONEOS_DEPLOYMENT_TARGET = 16.2;
				MARKETING_VERSION = 1.0;
				PRODUCT_BUNDLE_IDENTIFIER = com.renanmuller.SwiftuiConcurrencyTests;
				PRODUCT_NAME = "$(TARGET_NAME)";
				SWIFT_EMIT_LOC_STRINGS = NO;
				SWIFT_VERSION = 5.0;
				TARGETED_DEVICE_FAMILY = "1,2";
				TEST_HOST = "$(BUILT_PRODUCTS_DIR)/SwiftuiConcurrency.app/$(BUNDLE_EXECUTABLE_FOLDER_PATH)/SwiftuiConcurrency";
			};
			name = Debug;
		};
		32BF60F12B7ABD2500D356C7 /* Release */ = {
			isa = XCBuildConfiguration;
			buildSettings = {
				ALWAYS_EMBED_SWIFT_STANDARD_LIBRARIES = YES;
				BUNDLE_LOADER = "$(TEST_HOST)";
				CODE_SIGN_STYLE = Automatic;
				CURRENT_PROJECT_VERSION = 1;
				DEVELOPMENT_TEAM = XQ28PGR82S;
				GENERATE_INFOPLIST_FILE = YES;
				IPHONEOS_DEPLOYMENT_TARGET = 16.2;
				MARKETING_VERSION = 1.0;
				PRODUCT_BUNDLE_IDENTIFIER = com.renanmuller.SwiftuiConcurrencyTests;
				PRODUCT_NAME = "$(TARGET_NAME)";
				SWIFT_EMIT_LOC_STRINGS = NO;
				SWIFT_VERSION = 5.0;
				TARGETED_DEVICE_FAMILY = "1,2";
				TEST_HOST = "$(BUILT_PRODUCTS_DIR)/SwiftuiConcurrency.app/$(BUNDLE_EXECUTABLE_FOLDER_PATH)/SwiftuiConcurrency";
			};
			name = Release;
		};
		32BF60F32B7ABD2500D356C7 /* Debug */ = {
			isa = XCBuildConfiguration;
			buildSettings = {
				ALWAYS_EMBED_SWIFT_STANDARD_LIBRARIES = YES;
				CODE_SIGN_STYLE = Automatic;
				CURRENT_PROJECT_VERSION = 1;
				DEVELOPMENT_TEAM = XQ28PGR82S;
				GENERATE_INFOPLIST_FILE = YES;
				MARKETING_VERSION = 1.0;
				PRODUCT_BUNDLE_IDENTIFIER = com.renanmuller.SwiftuiConcurrencyUITests;
				PRODUCT_NAME = "$(TARGET_NAME)";
				SWIFT_EMIT_LOC_STRINGS = NO;
				SWIFT_VERSION = 5.0;
				TARGETED_DEVICE_FAMILY = "1,2";
				TEST_TARGET_NAME = SwiftuiConcurrency;
			};
			name = Debug;
		};
		32BF60F42B7ABD2500D356C7 /* Release */ = {
			isa = XCBuildConfiguration;
			buildSettings = {
				ALWAYS_EMBED_SWIFT_STANDARD_LIBRARIES = YES;
				CODE_SIGN_STYLE = Automatic;
				CURRENT_PROJECT_VERSION = 1;
				DEVELOPMENT_TEAM = XQ28PGR82S;
				GENERATE_INFOPLIST_FILE = YES;
				MARKETING_VERSION = 1.0;
				PRODUCT_BUNDLE_IDENTIFIER = com.renanmuller.SwiftuiConcurrencyUITests;
				PRODUCT_NAME = "$(TARGET_NAME)";
				SWIFT_EMIT_LOC_STRINGS = NO;
				SWIFT_VERSION = 5.0;
				TARGETED_DEVICE_FAMILY = "1,2";
				TEST_TARGET_NAME = SwiftuiConcurrency;
			};
			name = Release;
		};
/* End XCBuildConfiguration section */

/* Begin XCConfigurationList section */
		32BF60C32B7ABD2100D356C7 /* Build configuration list for PBXProject "SwiftuiConcurrency" */ = {
			isa = XCConfigurationList;
			buildConfigurations = (
				32BF60EA2B7ABD2500D356C7 /* Debug */,
				32BF60EB2B7ABD2500D356C7 /* Release */,
			);
			defaultConfigurationIsVisible = 0;
			defaultConfigurationName = Release;
		};
		32BF60EC2B7ABD2500D356C7 /* Build configuration list for PBXNativeTarget "SwiftuiConcurrency" */ = {
			isa = XCConfigurationList;
			buildConfigurations = (
				32BF60ED2B7ABD2500D356C7 /* Debug */,
				32BF60EE2B7ABD2500D356C7 /* Release */,
			);
			defaultConfigurationIsVisible = 0;
			defaultConfigurationName = Release;
		};
		32BF60EF2B7ABD2500D356C7 /* Build configuration list for PBXNativeTarget "SwiftuiConcurrencyTests" */ = {
			isa = XCConfigurationList;
			buildConfigurations = (
				32BF60F02B7ABD2500D356C7 /* Debug */,
				32BF60F12B7ABD2500D356C7 /* Release */,
			);
			defaultConfigurationIsVisible = 0;
			defaultConfigurationName = Release;
		};
		32BF60F22B7ABD2500D356C7 /* Build configuration list for PBXNativeTarget "SwiftuiConcurrencyUITests" */ = {
			isa = XCConfigurationList;
			buildConfigurations = (
				32BF60F32B7ABD2500D356C7 /* Debug */,
				32BF60F42B7ABD2500D356C7 /* Release */,
			);
			defaultConfigurationIsVisible = 0;
			defaultConfigurationName = Release;
		};
/* End XCConfigurationList section */
	};
	rootObject = 32BF60C02B7ABD2100D356C7 /* Project object */;
}
